{
  "version": 4,
  "terraform_version": "1.11.4",
  "serial": 6,
  "lineage": "cf58ede3-6fb1-6d31-a1d7-6026fd45c37d",
  "outputs": {},
  "resources": [
    {
      "mode": "managed",
      "type": "azurerm_container_app",
      "name": "this",
      "provider": "provider[\"registry.terraform.io/hashicorp/azurerm\"]",
      "instances": [
        {
          "schema_version": 0,
          "attributes": {
            "container_app_environment_id": "/subscriptions/382b6330-6cf0-4e15-b202-543c02240501/resourceGroups/adam123413424-state/providers/Microsoft.App/managedEnvironments/adam123413424-cae",
            "custom_domain_verification_id": "5F97E72DEBE46F83B6ADB513918872F8A8CDA41FBC2295FFBC3873198FFFE1A7",
            "dapr": [],
            "id": "/subscriptions/382b6330-6cf0-4e15-b202-543c02240501/resourceGroups/adam123413424-state/providers/Microsoft.App/containerApps/adam123413424-app",
            "identity": [],
            "ingress": [
              {
                "allow_insecure_connections": false,
                "custom_domain": [],
                "exposed_port": 0,
                "external_enabled": true,
                "fqdn": "adam123413424-app.delightfulpebble-b93b5780.polandcentral.azurecontainerapps.io",
                "ip_security_restriction": [],
                "target_port": 80,
                "traffic_weight": [
                  {
                    "label": "",
                    "latest_revision": true,
                    "percentage": 100,
                    "revision_suffix": ""
                  }
                ],
                "transport": "auto"
              }
            ],
            "latest_revision_fqdn": "adam123413424-app--kzohrv6.delightfulpebble-b93b5780.polandcentral.azurecontainerapps.io",
            "latest_revision_name": "adam123413424-app--kzohrv6",
            "location": "polandcentral",
            "name": "adam123413424-app",
            "outbound_ip_addresses": [
              "74.248.75.251"
            ],
            "registry": [],
            "resource_group_name": "adam123413424-state",
            "revision_mode": "Single",
            "secret": [],
            "tags": null,
            "template": [
              {
                "azure_queue_scale_rule": [],
                "container": [
                  {
                    "args": null,
                    "command": null,
                    "cpu": 0.25,
                    "env": [],
                    "ephemeral_storage": "1Gi",
                    "image": "mcr.microsoft.com/k8se/quickstart:latest",
                    "liveness_probe": [],
                    "memory": "0.5Gi",
                    "name": "examplecontainerapp",
                    "readiness_probe": [],
                    "startup_probe": [],
                    "volume_mounts": []
                  }
                ],
                "custom_scale_rule": [],
                "http_scale_rule": [],
                "init_container": [],
                "max_replicas": 10,
                "min_replicas": 0,
                "revision_suffix": "",
                "tcp_scale_rule": [],
                "volume": []
              }
            ],
            "timeouts": null,
            "workload_profile_name": ""
          },
          "sensitive_attributes": [
            [
              {
                "type": "get_attr",
                "value": "custom_domain_verification_id"
              }
            ]
          ],
          "private": "eyJlMmJmYjczMC1lY2FhLTExZTYtOGY4OC0zNDM2M2JjN2M0YzAiOnsiY3JlYXRlIjoxODAwMDAwMDAwMDAwLCJkZWxldGUiOjE4MDAwMDAwMDAwMDAsInJlYWQiOjMwMDAwMDAwMDAwMCwidXBkYXRlIjoxODAwMDAwMDAwMDAwfX0=",
          "dependencies": [
            "azurerm_container_app_environment.this",
            "azurerm_resource_group.this"
          ]
        }
      ]
    },
    {
      "mode": "managed",
      "type": "azurerm_container_app_environment",
      "name": "this",
      "provider": "provider[\"registry.terraform.io/hashicorp/azurerm\"]",
      "instances": [
        {
          "schema_version": 0,
          "attributes": {
            "custom_domain_verification_id": "5F97E72DEBE46F83B6ADB513918872F8A8CDA41FBC2295FFBC3873198FFFE1A7",
            "dapr_application_insights_connection_string": "",
            "default_domain": "delightfulpebble-b93b5780.polandcentral.azurecontainerapps.io",
            "docker_bridge_cidr": "",
            "id": "/subscriptions/382b6330-6cf0-4e15-b202-543c02240501/resourceGroups/adam123413424-state/providers/Microsoft.App/managedEnvironments/adam123413424-cae",
            "infrastructure_resource_group_name": "",
            "infrastructure_subnet_id": "",
            "internal_load_balancer_enabled": false,
            "location": "polandcentral",
            "log_analytics_workspace_id": "",
            "mutual_tls_enabled": false,
            "name": "adam123413424-cae",
            "platform_reserved_cidr": "",
            "platform_reserved_dns_ip_address": "",
            "resource_group_name": "adam123413424-state",
            "static_ip_address": "74.248.74.56",
            "tags": null,
            "timeouts": null,
            "workload_profile": [],
            "zone_redundancy_enabled": false
          },
          "sensitive_attributes": [
            [
              {
                "type": "get_attr",
                "value": "dapr_application_insights_connection_string"
              }
            ]
          ],
          "private": "eyJlMmJmYjczMC1lY2FhLTExZTYtOGY4OC0zNDM2M2JjN2M0YzAiOnsiY3JlYXRlIjoxODAwMDAwMDAwMDAwLCJkZWxldGUiOjE4MDAwMDAwMDAwMDAsInJlYWQiOjMwMDAwMDAwMDAwMCwidXBkYXRlIjoxODAwMDAwMDAwMDAwfX0=",
          "dependencies": [
            "azurerm_resource_group.this"
          ]
        }
      ]
    },
    {
      "mode": "managed",
      "type": "azurerm_resource_group",
      "name": "this",
      "provider": "provider[\"registry.terraform.io/hashicorp/azurerm\"]",
      "instances": [
        {
          "schema_version": 0,
          "attributes": {
            "id": "/subscriptions/382b6330-6cf0-4e15-b202-543c02240501/resourceGroups/adam123413424-state",
            "location": "polandcentral",
            "managed_by": "",
            "name": "adam123413424-state",
            "tags": null,
            "timeouts": null
          },
          "sensitive_attributes": [],
          "private": "eyJlMmJmYjczMC1lY2FhLTExZTYtOGY4OC0zNDM2M2JjN2M0YzAiOnsiY3JlYXRlIjo1NDAwMDAwMDAwMDAwLCJkZWxldGUiOjU0MDAwMDAwMDAwMDAsInJlYWQiOjMwMDAwMDAwMDAwMCwidXBkYXRlIjo1NDAwMDAwMDAwMDAwfX0="
        }
      ]
    }
  ],
  "check_results": null
}
